// !$*UTF8*$!
{
	archiveVersion = 1;
	classes = {
	};
	objectVersion = 55;
	objects = {

/* Begin PBXBuildFile section */
		C1D93DCF28489F79005D909E /* AppDelegate.swift in Sources */ = {isa = PBXBuildFile; fileRef = C1D93DCE28489F79005D909E /* AppDelegate.swift */; };
		C1D93DD128489F79005D909E /* SceneDelegate.swift in Sources */ = {isa = PBXBuildFile; fileRef = C1D93DD028489F79005D909E /* SceneDelegate.swift */; };
		C1D93DD628489F79005D909E /* Main.storyboard in Resources */ = {isa = PBXBuildFile; fileRef = C1D93DD428489F79005D909E /* Main.storyboard */; };
		C1D93DD828489F7E005D909E /* Assets.xcassets in Resources */ = {isa = PBXBuildFile; fileRef = C1D93DD728489F7E005D909E /* Assets.xcassets */; };
		C1D93DDB28489F7E005D909E /* LaunchScreen.storyboard in Resources */ = {isa = PBXBuildFile; fileRef = C1D93DD928489F7E005D909E /* LaunchScreen.storyboard */; };
		C1D93DE82848A513005D909E /* ToDoListController.swift in Sources */ = {isa = PBXBuildFile; fileRef = C1D93DE72848A513005D909E /* ToDoListController.swift */; };
		C1D93DEA2848A5A9005D909E /* TaskCell.swift in Sources */ = {isa = PBXBuildFile; fileRef = C1D93DE92848A5A9005D909E /* TaskCell.swift */; };
		C1D93DED2848A91F005D909E /* TaskComposite.swift in Sources */ = {isa = PBXBuildFile; fileRef = C1D93DEC2848A91F005D909E /* TaskComposite.swift */; };
		C1D93DF02848D03C005D909E /* Data.swift in Sources */ = {isa = PBXBuildFile; fileRef = C1D93DEF2848D03C005D909E /* Data.swift */; };
/* End PBXBuildFile section */

/* Begin PBXFileReference section */
		C1D93DCB28489F79005D909E /* ToDoList.app */ = {isa = PBXFileReference; explicitFileType = wrapper.application; includeInIndex = 0; path = ToDoList.app; sourceTree = BUILT_PRODUCTS_DIR; };
		C1D93DCE28489F79005D909E /* AppDelegate.swift */ = {isa = PBXFileReference; lastKnownFileType = sourcecode.swift; path = AppDelegate.swift; sourceTree = "<group>"; };
		C1D93DD028489F79005D909E /* SceneDelegate.swift */ = {isa = PBXFileReference; lastKnownFileType = sourcecode.swift; path = SceneDelegate.swift; sourceTree = "<group>"; };
		C1D93DD528489F79005D909E /* Base */ = {isa = PBXFileReference; lastKnownFileType = file.storyboard; name = Base; path = Base.lproj/Main.storyboard; sourceTree = "<group>"; };
		C1D93DD728489F7E005D909E /* Assets.xcassets */ = {isa = PBXFileReference; lastKnownFileType = folder.assetcatalog; path = Assets.xcassets; sourceTree = "<group>"; };
		C1D93DDA28489F7E005D909E /* Base */ = {isa = PBXFileReference; lastKnownFileType = file.storyboard; name = Base; path = Base.lproj/LaunchScreen.storyboard; sourceTree = "<group>"; };
		C1D93DDC28489F7E005D909E /* Info.plist */ = {isa = PBXFileReference; lastKnownFileType = text.plist.xml; path = Info.plist; sourceTree = "<group>"; };
		C1D93DE72848A513005D909E /* ToDoListController.swift */ = {isa = PBXFileReference; lastKnownFileType = sourcecode.swift; path = ToDoListController.swift; sourceTree = "<group>"; };
		C1D93DE92848A5A9005D909E /* TaskCell.swift */ = {isa = PBXFileReference; lastKnownFileType = sourcecode.swift; path = TaskCell.swift; sourceTree = "<group>"; };
		C1D93DEC2848A91F005D909E /* TaskComposite.swift */ = {isa = PBXFileReference; lastKnownFileType = sourcecode.swift; path = TaskComposite.swift; sourceTree = "<group>"; };
		C1D93DEF2848D03C005D909E /* Data.swift */ = {isa = PBXFileReference; lastKnownFileType = sourcecode.swift; path = Data.swift; sourceTree = "<group>"; };
/* End PBXFileReference section */

/* Begin PBXFrameworksBuildPhase section */
		C1D93DC828489F78005D909E /* Frameworks */ = {
			isa = PBXFrameworksBuildPhase;
			buildActionMask = 2147483647;
			files = (
			);
			runOnlyForDeploymentPostprocessing = 0;
		};
/* End PBXFrameworksBuildPhase section */

/* Begin PBXGroup section */
		C1D93DC228489F78005D909E = {
			isa = PBXGroup;
			children = (
				C1D93DCD28489F79005D909E /* ToDoList */,
				C1D93DCC28489F79005D909E /* Products */,
			);
			sourceTree = "<group>";
		};
		C1D93DCC28489F79005D909E /* Products */ = {
			isa = PBXGroup;
			children = (
				C1D93DCB28489F79005D909E /* ToDoList.app */,
			);
			name = Products;
			sourceTree = "<group>";
		};
		C1D93DCD28489F79005D909E /* ToDoList */ = {
			isa = PBXGroup;
			children = (
				C1D93DEE2848D02C005D909E /* ForTest */,
				C1D93DEB2848A909005D909E /* Patterns */,
				C1D93DE32848A0C0005D909E /* Storyboadrs */,
				C1D93DE22848A0B2005D909E /* Controllers */,
				C1D93DE42848A1A6005D909E /* TableViewCells */,
				C1D93DD028489F79005D909E /* SceneDelegate.swift */,
				C1D93DCE28489F79005D909E /* AppDelegate.swift */,
				C1D93DD728489F7E005D909E /* Assets.xcassets */,
				C1D93DD928489F7E005D909E /* LaunchScreen.storyboard */,
				C1D93DDC28489F7E005D909E /* Info.plist */,
			);
			path = ToDoList;
			sourceTree = "<group>";
		};
		C1D93DE22848A0B2005D909E /* Controllers */ = {
			isa = PBXGroup;
			children = (
				C1D93DE72848A513005D909E /* ToDoListController.swift */,
			);
			path = Controllers;
			sourceTree = "<group>";
		};
		C1D93DE32848A0C0005D909E /* Storyboadrs */ = {
			isa = PBXGroup;
			children = (
				C1D93DD428489F79005D909E /* Main.storyboard */,
			);
			path = Storyboadrs;
			sourceTree = "<group>";
		};
		C1D93DE42848A1A6005D909E /* TableViewCells */ = {
			isa = PBXGroup;
			children = (
				C1D93DE92848A5A9005D909E /* TaskCell.swift */,
			);
			path = TableViewCells;
			sourceTree = "<group>";
		};
		C1D93DEB2848A909005D909E /* Patterns */ = {
			isa = PBXGroup;
			children = (
				C1D93DEC2848A91F005D909E /* TaskComposite.swift */,
			);
			path = Patterns;
			sourceTree = "<group>";
		};
		C1D93DEE2848D02C005D909E /* ForTest */ = {
			isa = PBXGroup;
			children = (
				C1D93DEF2848D03C005D909E /* Data.swift */,
			);
			path = ForTest;
			sourceTree = "<group>";
		};
/* End PBXGroup section */

/* Begin PBXNativeTarget section */
		C1D93DCA28489F78005D909E /* ToDoList */ = {
			isa = PBXNativeTarget;
			buildConfigurationList = C1D93DDF28489F7E005D909E /* Build configuration list for PBXNativeTarget "ToDoList" */;
			buildPhases = (
				C1D93DC728489F78005D909E /* Sources */,
				C1D93DC828489F78005D909E /* Frameworks */,
				C1D93DC928489F78005D909E /* Resources */,
			);
			buildRules = (
			);
			dependencies = (
			);
			name = ToDoList;
			productName = ToDoList;
			productReference = C1D93DCB28489F79005D909E /* ToDoList.app */;
			productType = "com.apple.product-type.application";
		};
/* End PBXNativeTarget section */

/* Begin PBXProject section */
		C1D93DC328489F78005D909E /* Project object */ = {
			isa = PBXProject;
			attributes = {
				BuildIndependentTargetsInParallel = 1;
				LastSwiftUpdateCheck = 1330;
				LastUpgradeCheck = 1330;
				TargetAttributes = {
					C1D93DCA28489F78005D909E = {
						CreatedOnToolsVersion = 13.3.1;
					};
				};
			};
			buildConfigurationList = C1D93DC628489F78005D909E /* Build configuration list for PBXProject "ToDoList" */;
			compatibilityVersion = "Xcode 13.0";
			developmentRegion = en;
			hasScannedForEncodings = 0;
			knownRegions = (
				en,
				Base,
			);
			mainGroup = C1D93DC228489F78005D909E;
			productRefGroup = C1D93DCC28489F79005D909E /* Products */;
			projectDirPath = "";
			projectRoot = "";
			targets = (
				C1D93DCA28489F78005D909E /* ToDoList */,
			);
		};
/* End PBXProject section */

/* Begin PBXResourcesBuildPhase section */
		C1D93DC928489F78005D909E /* Resources */ = {
			isa = PBXResourcesBuildPhase;
			buildActionMask = 2147483647;
			files = (
				C1D93DDB28489F7E005D909E /* LaunchScreen.storyboard in Resources */,
				C1D93DD828489F7E005D909E /* Assets.xcassets in Resources */,
				C1D93DD628489F79005D909E /* Main.storyboard in Resources */,
			);
			runOnlyForDeploymentPostprocessing = 0;
		};
/* End PBXResourcesBuildPhase section */

/* Begin PBXSourcesBuildPhase section */
		C1D93DC728489F78005D909E /* Sources */ = {
			isa = PBXSourcesBuildPhase;
			buildActionMask = 2147483647;
			files = (
				C1D93DEA2848A5A9005D909E /* TaskCell.swift in Sources */,
				C1D93DF02848D03C005D909E /* Data.swift in Sources */,
				C1D93DED2848A91F005D909E /* TaskComposite.swift in Sources */,
				C1D93DE82848A513005D909E /* ToDoListController.swift in Sources */,
				C1D93DCF28489F79005D909E /* AppDelegate.swift in Sources */,
				C1D93DD128489F79005D909E /* SceneDelegate.swift in Sources */,
			);
			runOnlyForDeploymentPostprocessing = 0;
		};
/* End PBXSourcesBuildPhase section */

/* Begin PBXVariantGroup section */
		C1D93DD428489F79005D909E /* Main.storyboard */ = {
			isa = PBXVariantGroup;
			children = (
				C1D93DD528489F79005D909E /* Base */,
			);
			name = Main.storyboard;
			sourceTree = "<group>";
		};
		C1D93DD928489F7E005D909E /* LaunchScreen.storyboard */ = {
			isa = PBXVariantGroup;
			children = (
				C1D93DDA28489F7E005D909E /* Base */,
			);
			name = LaunchScreen.storyboard;
			sourceTree = "<group>";
		};
/* End PBXVariantGroup section */

/* Begin XCBuildConfiguration section */
		C1D93DDD28489F7E005D909E /* Debug */ = {
			isa = XCBuildConfiguration;
			buildSettings = {
				ALWAYS_SEARCH_USER_PATHS = NO;
				CLANG_ANALYZER_NONNULL = YES;
				CLANG_ANALYZER_NUMBER_OBJECT_CONVERSION = YES_AGGRESSIVE;
				CLANG_CXX_LANGUAGE_STANDARD = "gnu++17";
				CLANG_ENABLE_MODULES = YES;
				CLANG_ENABLE_OBJC_ARC = YES;
				CLANG_ENABLE_OBJC_WEAK = YES;
				CLANG_WARN_BLOCK_CAPTURE_AUTORELEASING = YES;
				CLANG_WARN_BOOL_CONVERSION = YES;
				CLANG_WARN_COMMA = YES;
				CLANG_WARN_CONSTANT_CONVERSION = YES;
				CLANG_WARN_DEPRECATED_OBJC_IMPLEMENTATIONS = YES;
				CLANG_WARN_DIRECT_OBJC_ISA_USAGE = YES_ERROR;
				CLANG_WARN_DOCUMENTATION_COMMENTS = YES;
				CLANG_WARN_EMPTY_BODY = YES;
				CLANG_WARN_ENUM_CONVERSION = YES;
				CLANG_WARN_INFINITE_RECURSION = YES;
				CLANG_WARN_INT_CONVERSION = YES;
				CLANG_WARN_NON_LITERAL_NULL_CONVERSION = YES;
				CLANG_WARN_OBJC_IMPLICIT_RETAIN_SELF = YES;
				CLANG_WARN_OBJC_LITERAL_CONVERSION = YES;
				CLANG_WARN_OBJC_ROOT_CLASS = YES_ERROR;
				CLANG_WARN_QUOTED_INCLUDE_IN_FRAMEWORK_HEADER = YES;
				CLANG_WARN_RANGE_LOOP_ANALYSIS = YES;
				CLANG_WARN_STRICT_PROTOTYPES = YES;
				CLANG_WARN_SUSPICIOUS_MOVE = YES;
				CLANG_WARN_UNGUARDED_AVAILABILITY = YES_AGGRESSIVE;
				CLANG_WARN_UNREACHABLE_CODE = YES;
				CLANG_WARN__DUPLICATE_METHOD_MATCH = YES;
				COPY_PHASE_STRIP = NO;
				DEBUG_INFORMATION_FORMAT = dwarf;
				ENABLE_STRICT_OBJC_MSGSEND = YES;
				ENABLE_TESTABILITY = YES;
				GCC_C_LANGUAGE_STANDARD = gnu11;
				GCC_DYNAMIC_NO_PIC = NO;
				GCC_NO_COMMON_BLOCKS = YES;
				GCC_OPTIMIZATION_LEVEL = 0;
				GCC_PREPROCESSOR_DEFINITIONS = (
					"DEBUG=1",
					"$(inherited)",
				);
				GCC_WARN_64_TO_32_BIT_CONVERSION = YES;
				GCC_WARN_ABOUT_RETURN_TYPE = YES_ERROR;
				GCC_WARN_UNDECLARED_SELECTOR = YES;
				GCC_WARN_UNINITIALIZED_AUTOS = YES_AGGRESSIVE;
				GCC_WARN_UNUSED_FUNCTION = YES;
				GCC_WARN_UNUSED_VARIABLE = YES;
				IPHONEOS_DEPLOYMENT_TARGET = 15.4;
				MTL_ENABLE_DEBUG_INFO = INCLUDE_SOURCE;
				MTL_FAST_MATH = YES;
				ONLY_ACTIVE_ARCH = YES;
				SDKROOT = iphoneos;
				SWIFT_ACTIVE_COMPILATION_CONDITIONS = DEBUG;
				SWIFT_OPTIMIZATION_LEVEL = "-Onone";
			};
			name = Debug;
		};
		C1D93DDE28489F7E005D909E /* Release */ = {
			isa = XCBuildConfiguration;
			buildSettings = {
				ALWAYS_SEARCH_USER_PATHS = NO;
				CLANG_ANALYZER_NONNULL = YES;
				CLANG_ANALYZER_NUMBER_OBJECT_CONVERSION = YES_AGGRESSIVE;
				CLANG_CXX_LANGUAGE_STANDARD = "gnu++17";
				CLANG_ENABLE_MODULES = YES;
				CLANG_ENABLE_OBJC_ARC = YES;
				CLANG_ENABLE_OBJC_WEAK = YES;
				CLANG_WARN_BLOCK_CAPTURE_AUTORELEASING = YES;
				CLANG_WARN_BOOL_CONVERSION = YES;
				CLANG_WARN_COMMA = YES;
				CLANG_WARN_CONSTANT_CONVERSION = YES;
				CLANG_WARN_DEPRECATED_OBJC_IMPLEMENTATIONS = YES;
				CLANG_WARN_DIRECT_OBJC_ISA_USAGE = YES_ERROR;
				CLANG_WARN_DOCUMENTATION_COMMENTS = YES;
				CLANG_WARN_EMPTY_BODY = YES;
				CLANG_WARN_ENUM_CONVERSION = YES;
				CLANG_WARN_INFINITE_RECURSION = YES;
				CLANG_WARN_INT_CONVERSION = YES;
				CLANG_WARN_NON_LITERAL_NULL_CONVERSION = YES;
				CLANG_WARN_OBJC_IMPLICIT_RETAIN_SELF = YES;
				CLANG_WARN_OBJC_LITERAL_CONVERSION = YES;
				CLANG_WARN_OBJC_ROOT_CLASS = YES_ERROR;
				CLANG_WARN_QUOTED_INCLUDE_IN_FRAMEWORK_HEADER = YES;
				CLANG_WARN_RANGE_LOOP_ANALYSIS = YES;
				CLANG_WARN_STRICT_PROTOTYPES = YES;
				CLANG_WARN_SUSPICIOUS_MOVE = YES;
				CLANG_WARN_UNGUARDED_AVAILABILITY = YES_AGGRESSIVE;
				CLANG_WARN_UNREACHABLE_CODE = YES;
				CLANG_WARN__DUPLICATE_METHOD_MATCH = YES;
				COPY_PHASE_STRIP = NO;
				DEBUG_INFORMATION_FORMAT = "dwarf-with-dsym";
				ENABLE_NS_ASSERTIONS = NO;
				ENABLE_STRICT_OBJC_MSGSEND = YES;
				GCC_C_LANGUAGE_STANDARD = gnu11;
				GCC_NO_COMMON_BLOCKS = YES;
				GCC_WARN_64_TO_32_BIT_CONVERSION = YES;
				GCC_WARN_ABOUT_RETURN_TYPE = YES_ERROR;
				GCC_WARN_UNDECLARED_SELECTOR = YES;
				GCC_WARN_UNINITIALIZED_AUTOS = YES_AGGRESSIVE;
				GCC_WARN_UNUSED_FUNCTION = YES;
				GCC_WARN_UNUSED_VARIABLE = YES;
				IPHONEOS_DEPLOYMENT_TARGET = 15.4;
				MTL_ENABLE_DEBUG_INFO = NO;
				MTL_FAST_MATH = YES;
				SDKROOT = iphoneos;
				SWIFT_COMPILATION_MODE = wholemodule;
				SWIFT_OPTIMIZATION_LEVEL = "-O";
				VALIDATE_PRODUCT = YES;
			};
			name = Release;
		};
		C1D93DE028489F7E005D909E /* Debug */ = {
			isa = XCBuildConfiguration;
			buildSettings = {
				ASSETCATALOG_COMPILER_APPICON_NAME = AppIcon;
				ASSETCATALOG_COMPILER_GLOBAL_ACCENT_COLOR_NAME = AccentColor;
				CODE_SIGN_STYLE = Automatic;
				CURRENT_PROJECT_VERSION = 1;
				DEVELOPMENT_TEAM = CK743H6YQY;
				GENERATE_INFOPLIST_FILE = YES;
				INFOPLIST_FILE = ToDoList/Info.plist;
				INFOPLIST_KEY_UIApplicationSupportsIndirectInputEvents = YES;
				INFOPLIST_KEY_UILaunchStoryboardName = LaunchScreen;
				INFOPLIST_KEY_UIMainStoryboardFile = Main;
				INFOPLIST_KEY_UISupportedInterfaceOrientations = UIInterfaceOrientationPortrait;
				INFOPLIST_KEY_UISupportedInterfaceOrientations_iPad = "UIInterfaceOrientationPortrait UIInterfaceOrientationPortraitUpsideDown UIInterfaceOrientationLandscapeLeft UIInterfaceOrientationLandscapeRight";
				INFOPLIST_KEY_UISupportedInterfaceOrientations_iPhone = "UIInterfaceOrientationPortrait UIInterfaceOrientationLandscapeLeft UIInterfaceOrientationLandscapeRight";
				LD_RUNPATH_SEARCH_PATHS = (
					"$(inherited)",
					"@executable_path/Frameworks",
				);
				MARKETING_VERSION = 1.0;
				PRODUCT_BUNDLE_IDENTIFIER = "com.losev-maksim.ToDoList";
				PRODUCT_NAME = "$(TARGET_NAME)";
				SWIFT_EMIT_LOC_STRINGS = YES;
				SWIFT_VERSION = 5.0;
				TARGETED_DEVICE_FAMILY = 1;
			};
			name = Debug;
		};
		C1D93DE128489F7E005D909E /* Release */ = {
			isa = XCBuildConfiguration;
			buildSettings = {
				ASSETCATALOG_COMPILER_APPICON_NAME = AppIcon;
				ASSETCATALOG_COMPILER_GLOBAL_ACCENT_COLOR_NAME = AccentColor;
				CODE_SIGN_STYLE = Automatic;
				CURRENT_PROJECT_VERSION = 1;
				DEVELOPMENT_TEAM = CK743H6YQY;
				GENERATE_INFOPLIST_FILE = YES;
				INFOPLIST_FILE = ToDoList/Info.plist;
				INFOPLIST_KEY_UIApplicationSupportsIndirectInputEvents = YES;
				INFOPLIST_KEY_UILaunchStoryboardName = LaunchScreen;
				INFOPLIST_KEY_UIMainStoryboardFile = Main;
				INFOPLIST_KEY_UISupportedInterfaceOrientations = UIInterfaceOrientationPortrait;
				INFOPLIST_KEY_UISupportedInterfaceOrientations_iPad = "UIInterfaceOrientationPortrait UIInterfaceOrientationPortraitUpsideDown UIInterfaceOrientationLandscapeLeft UIInterfaceOrientationLandscapeRight";
				INFOPLIST_KEY_UISupportedInterfaceOrientations_iPhone = "UIInterfaceOrientationPortrait UIInterfaceOrientationLandscapeLeft UIInterfaceOrientationLandscapeRight";
				LD_RUNPATH_SEARCH_PATHS = (
					"$(inherited)",
					"@executable_path/Frameworks",
				);
				MARKETING_VERSION = 1.0;
				PRODUCT_BUNDLE_IDENTIFIER = "com.losev-maksim.ToDoList";
				PRODUCT_NAME = "$(TARGET_NAME)";
				SWIFT_EMIT_LOC_STRINGS = YES;
				SWIFT_VERSION = 5.0;
				TARGETED_DEVICE_FAMILY = 1;
			};
			name = Release;
		};
/* End XCBuildConfiguration section */

/* Begin XCConfigurationList section */
		C1D93DC628489F78005D909E /* Build configuration list for PBXProject "ToDoList" */ = {
			isa = XCConfigurationList;
			buildConfigurations = (
				C1D93DDD28489F7E005D909E /* Debug */,
				C1D93DDE28489F7E005D909E /* Release */,
			);
			defaultConfigurationIsVisible = 0;
			defaultConfigurationName = Release;
		};
		C1D93DDF28489F7E005D909E /* Build configuration list for PBXNativeTarget "ToDoList" */ = {
			isa = XCConfigurationList;
			buildConfigurations = (
				C1D93DE028489F7E005D909E /* Debug */,
				C1D93DE128489F7E005D909E /* Release */,
			);
			defaultConfigurationIsVisible = 0;
			defaultConfigurationName = Release;
		};
/* End XCConfigurationList section */
	};
	rootObject = C1D93DC328489F78005D909E /* Project object */;
}
